{
    "version": "0.5",
    "requires": [
        "zlib/1.3.1#cac0f6daea041b0ccf42934163defb20%1765284699.337",
        "websocketpp/0.8.2#01060cdb4f11652648794750bf3a5f44%1737630872.126",
        "tinygltf/2.9.7#b683a4330f0cca88452bd8a7498f7c66%1770747563.208",
        "termcap/1.3.1#479400c750a869f77b3d2d3a82e06f7d%1755703795.492",
        "swig/4.4.0#b0142ac439c12ddef427f0ad557dae99%1775212919.82",
        "stb/cci.20240531#ede183dce303916dab0c1b835df3926a%1720366012.336",
        "sqlite3/3.51.3#45e603aeeda3ebd016ed7d8d30d93c6f%1773675448.413",
        "ruby/3.2.2#e349279c358fd8f54d83446a3af8ecfe%1718616192.725",
        "readline/8.2#d9ef16b67d31740280a52dd110a73386%1755701868.277",
        "pugixml/1.15#979e88f4fafbfe3585d2c0510a071cc7%1739435725.483",
        "pcre2/10.43#f46febf919eafb03fb3a27ea08e7fa61%1743524591.927",
        "openssl/3.1.0#adb90207a855ebfe1f1caa88b39c4fe0%1696808387.085",
        "nlohmann_json/3.12.0#2d634ab0ec8d9f56353e5ccef6d6612c%1744735883.94",
        "minizip/1.3.1#0fe428c3789670e2a03b3ad2a941d4b7%1741858542.122",
        "libyaml/0.2.5#67a8e4c752b3a452c4796ddc90589f74%1676469565.275",
        "libxslt/1.1.37#8c0548495527cea12de08ad6212fc3ce%1703714812.414",
        "libxml2/2.11.6#41c14895baba105865cb22ecaf948115%1703682489.517",
        "libiconv/1.17#1e65319e945f2d31941a9d28cc13c058%1751451666.321",
        "libgettext/0.22#b09eea019e19b9b9c46d8f1da7d75444%1765809130.834",
        "libffi/3.4.4#33feb967b22d92ea0becce63bf9d5490%1753360047.497",
        "libbacktrace/cci.20210118#a7691bfccd8caaf66309df196790a5a1%1722218217.276",
        "jsoncpp/1.9.6#c3730c7936aefa462eb6c6560a5e1fd8%1726135496.917",
        "gtest/1.17.0#5224b3b3ff3b4ce1133cbdd27d53ee7d%1755784855.585",
        "gmp/6.3.0#187de23af494e24e69bf9dfc1966a60d%1762267612.152",
        "geographiclib/2.6#0de0adf06a0e8aaebe87eb7f35e706b6%1762422032.716",
        "fmt/12.1.0#50abab23274d56bb8f42c94b3b9a40c7%1761885265.231",
        "cpprestsdk/2.10.19#b2689e8956d6ac0e2413c573b21d8aeb%1774594008.196",
        "cli11/2.6.0#41e625280f9c960e9970c1dc7d2c97b8%1761229555.551",
        "bzip2/1.0.8#c470882369c2d95c5c77e970c0c7e321%1762886692.465",
        "boost/1.86.0#ba15175515249ce5dc1bbe10aa945dc9%1765955103.599",
        "benchmark/1.9.5#b885dc73ad67b40a55d45684d1c88ad1%1774363287.434",
        "antlr4-cppruntime/4.13.2#cc92480070ebd971aada9faf2be36f9f%1744013070.902"
    ],
    "build_requires": [
        "pkgconf/2.1.0#21f96520faf7660b99f872e956d2ac13%1755505630.82",
        "ninja/1.13.2#c8c5dc2a52ed6e4e42a66d75b4717ceb%1764096931.974",
        "meson/1.10.1#426d7d29e3e5f7285cb8398d84546734%1772032339.966",
        "m4/1.4.19#1f9bd25d2bd53f49ad509caa467f57b9%1770982506.688",
        "gnu-config/cci.20210814#466e9d4d7779e1c142443f7ea44b4284%1762363589.329",
        "flex/2.6.4#efa781fc5088b47c895bd4eef6911f2e%1761560242.855",
        "cmake/4.3.0#b939a42e98f593fb34d3a8c5cc860359%1773780142.26",
        "cmake/3.31.11#f325c933f618a1fcebc1e1c0babfd1ba%1769622857.944",
        "bison/3.8.2#c3490cbe0078b6fd3eb4cf5ed64144dc%1755688988.644",
        "b2/5.4.2#ffd6084a119587e70f11cd45d1a386e2%1766594659.866",
        "automake/1.16.5#b91b7c384c3deaa9d535be02da14d04f%1755524470.56",
        "autoconf/2.71#51077f068e61700d65bb05541ea1e4b0%1731054366.86"
    ],
    "python_requires": [],
    "overrides": {
        "boost/1.83.0": [
            "boost/1.86.0"
        ]
    },
    "config_requires": []
}
